// !$*UTF8*$!
{
	archiveVersion = 1;
	classes = {
	};
	objectVersion = 46;
	objects = {

/* Begin PBXBuildFile section */
		2E6C003E1DE186DB0008C9F0 /* RGBUIColor.swift in Sources */ = {isa = PBXBuildFile; fileRef = 2E6C003D1DE186DB0008C9F0 /* RGBUIColor.swift */; };
		2EC372B51DD62EA5001625E5 /* RGB.framework in Frameworks */ = {isa = PBXBuildFile; fileRef = 2EC372AB1DD62EA5001625E5 /* RGB.framework */; };
		2EC372BA1DD62EA5001625E5 /* RGBTests.swift in Sources */ = {isa = PBXBuildFile; fileRef = 2EC372B91DD62EA5001625E5 /* RGBTests.swift */; };
		2EC372BC1DD62EA5001625E5 /* RGB.h in Headers */ = {isa = PBXBuildFile; fileRef = 2EC372AE1DD62EA5001625E5 /* RGB.h */; settings = {ATTRIBUTES = (Public, ); }; };
		2EC372DE1DD64375001625E5 /* Curry.framework in Frameworks */ = {isa = PBXBuildFile; fileRef = 2EC372DD1DD64375001625E5 /* Curry.framework */; };
		2EC372E01DD643AD001625E5 /* Nimble.framework in Frameworks */ = {isa = PBXBuildFile; fileRef = 2EC372DF1DD643AD001625E5 /* Nimble.framework */; };
		2EC372E21DD643B3001625E5 /* Quick.framework in Frameworks */ = {isa = PBXBuildFile; fileRef = 2EC372E11DD643B3001625E5 /* Quick.framework */; };
/* End PBXBuildFile section */

/* Begin PBXContainerItemProxy section */
		2EC372B61DD62EA5001625E5 /* PBXContainerItemProxy */ = {
			isa = PBXContainerItemProxy;
			containerPortal = 2EC372A21DD62EA5001625E5 /* Project object */;
			proxyType = 1;
			remoteGlobalIDString = 2EC372AA1DD62EA5001625E5;
			remoteInfo = RGB;
		};
/* End PBXContainerItemProxy section */

/* Begin PBXFileReference section */
		2E6C003D1DE186DB0008C9F0 /* RGBUIColor.swift */ = {isa = PBXFileReference; fileEncoding = 4; lastKnownFileType = sourcecode.swift; path = RGBUIColor.swift; sourceTree = "<group>"; };
		2EC372AB1DD62EA5001625E5 /* RGB.framework */ = {isa = PBXFileReference; explicitFileType = wrapper.framework; includeInIndex = 0; path = RGB.framework; sourceTree = BUILT_PRODUCTS_DIR; };
		2EC372AE1DD62EA5001625E5 /* RGB.h */ = {isa = PBXFileReference; lastKnownFileType = sourcecode.c.h; path = RGB.h; sourceTree = "<group>"; };
		2EC372AF1DD62EA5001625E5 /* Info.plist */ = {isa = PBXFileReference; lastKnownFileType = text.plist.xml; path = Info.plist; sourceTree = "<group>"; };
		2EC372B41DD62EA5001625E5 /* RGBTests.xctest */ = {isa = PBXFileReference; explicitFileType = wrapper.cfbundle; includeInIndex = 0; path = RGBTests.xctest; sourceTree = BUILT_PRODUCTS_DIR; };
		2EC372B91DD62EA5001625E5 /* RGBTests.swift */ = {isa = PBXFileReference; lastKnownFileType = sourcecode.swift; path = RGBTests.swift; sourceTree = "<group>"; };
		2EC372BB1DD62EA5001625E5 /* Info.plist */ = {isa = PBXFileReference; lastKnownFileType = text.plist.xml; path = Info.plist; sourceTree = "<group>"; };
		2EC372DB1DD6435A001625E5 /* Curry.framework */ = {isa = PBXFileReference; lastKnownFileType = wrapper.framework; name = Curry.framework; path = "Carthage/Checkouts/Curry/build/Debug-iphoneos/Curry.framework"; sourceTree = "<group>"; };
		2EC372DD1DD64375001625E5 /* Curry.framework */ = {isa = PBXFileReference; lastKnownFileType = wrapper.framework; name = Curry.framework; path = "Carthage/Checkouts/Curry/build/Debug-iphoneos/Curry.framework"; sourceTree = "<group>"; };
		2EC372DF1DD643AD001625E5 /* Nimble.framework */ = {isa = PBXFileReference; lastKnownFileType = wrapper.framework; name = Nimble.framework; path = "Carthage/Checkouts/Nimble/build/Debug-iphoneos/Nimble.framework"; sourceTree = "<group>"; };
		2EC372E11DD643B3001625E5 /* Quick.framework */ = {isa = PBXFileReference; lastKnownFileType = wrapper.framework; name = Quick.framework; path = "Carthage/Checkouts/Quick/build/Debug-iphoneos/Quick.framework"; sourceTree = "<group>"; };
/* End PBXFileReference section */

/* Begin PBXFrameworksBuildPhase section */
		2EC372A71DD62EA5001625E5 /* Frameworks */ = {
			isa = PBXFrameworksBuildPhase;
			buildActionMask = 2147483647;
			files = (
				2EC372DE1DD64375001625E5 /* Curry.framework in Frameworks */,
			);
			runOnlyForDeploymentPostprocessing = 0;
		};
		2EC372B11DD62EA5001625E5 /* Frameworks */ = {
			isa = PBXFrameworksBuildPhase;
			buildActionMask = 2147483647;
			files = (
				2EC372E21DD643B3001625E5 /* Quick.framework in Frameworks */,
				2EC372E01DD643AD001625E5 /* Nimble.framework in Frameworks */,
				2EC372B51DD62EA5001625E5 /* RGB.framework in Frameworks */,
			);
			runOnlyForDeploymentPostprocessing = 0;
		};
/* End PBXFrameworksBuildPhase section */

/* Begin PBXGroup section */
		2EC372A11DD62EA5001625E5 = {
			isa = PBXGroup;
			children = (
				2EC372AD1DD62EA5001625E5 /* RGB */,
				2EC372B81DD62EA5001625E5 /* RGBTests */,
				2EC372AC1DD62EA5001625E5 /* Products */,
				2EC372DA1DD6435A001625E5 /* Frameworks */,
			);
			sourceTree = "<group>";
		};
		2EC372AC1DD62EA5001625E5 /* Products */ = {
			isa = PBXGroup;
			children = (
				2EC372AB1DD62EA5001625E5 /* RGB.framework */,
				2EC372B41DD62EA5001625E5 /* RGBTests.xctest */,
			);
			name = Products;
			sourceTree = "<group>";
		};
		2EC372AD1DD62EA5001625E5 /* RGB */ = {
			isa = PBXGroup;
			children = (
				2EC372AE1DD62EA5001625E5 /* RGB.h */,
				2EC372AF1DD62EA5001625E5 /* Info.plist */,
				2E6C003D1DE186DB0008C9F0 /* RGBUIColor.swift */,
			);
			path = RGB;
			sourceTree = "<group>";
		};
		2EC372B81DD62EA5001625E5 /* RGBTests */ = {
			isa = PBXGroup;
			children = (
				2EC372B91DD62EA5001625E5 /* RGBTests.swift */,
				2EC372BB1DD62EA5001625E5 /* Info.plist */,
			);
			path = RGBTests;
			sourceTree = "<group>";
		};
		2EC372DA1DD6435A001625E5 /* Frameworks */ = {
			isa = PBXGroup;
			children = (
				2EC372E11DD643B3001625E5 /* Quick.framework */,
				2EC372DF1DD643AD001625E5 /* Nimble.framework */,
				2EC372DD1DD64375001625E5 /* Curry.framework */,
				2EC372DB1DD6435A001625E5 /* Curry.framework */,
			);
			name = Frameworks;
			sourceTree = "<group>";
		};
/* End PBXGroup section */

/* Begin PBXHeadersBuildPhase section */
		2EC372A81DD62EA5001625E5 /* Headers */ = {
			isa = PBXHeadersBuildPhase;
			buildActionMask = 2147483647;
			files = (
				2EC372BC1DD62EA5001625E5 /* RGB.h in Headers */,
			);
			runOnlyForDeploymentPostprocessing = 0;
		};
/* End PBXHeadersBuildPhase section */

/* Begin PBXNativeTarget section */
		2EC372AA1DD62EA5001625E5 /* RGB */ = {
			isa = PBXNativeTarget;
			buildConfigurationList = 2EC372BF1DD62EA5001625E5 /* Build configuration list for PBXNativeTarget "RGB" */;
			buildPhases = (
				2EC372A61DD62EA5001625E5 /* Sources */,
				2EC372A71DD62EA5001625E5 /* Frameworks */,
				2EC372A81DD62EA5001625E5 /* Headers */,
				2EC372A91DD62EA5001625E5 /* Resources */,
			);
			buildRules = (
			);
			dependencies = (
			);
			name = RGB;
			productName = RGB;
			productReference = 2EC372AB1DD62EA5001625E5 /* RGB.framework */;
			productType = "com.apple.product-type.framework";
		};
		2EC372B31DD62EA5001625E5 /* RGBTests */ = {
			isa = PBXNativeTarget;
			buildConfigurationList = 2EC372C21DD62EA5001625E5 /* Build configuration list for PBXNativeTarget "RGBTests" */;
			buildPhases = (
				2EC372B01DD62EA5001625E5 /* Sources */,
				2EC372B11DD62EA5001625E5 /* Frameworks */,
				2EC372B21DD62EA5001625E5 /* Resources */,
			);
			buildRules = (
			);
			dependencies = (
				2EC372B71DD62EA5001625E5 /* PBXTargetDependency */,
			);
			name = RGBTests;
			productName = RGBTests;
			productReference = 2EC372B41DD62EA5001625E5 /* RGBTests.xctest */;
			productType = "com.apple.product-type.bundle.unit-test";
		};
/* End PBXNativeTarget section */

/* Begin PBXProject section */
		2EC372A21DD62EA5001625E5 /* Project object */ = {
			isa = PBXProject;
			attributes = {
				LastSwiftUpdateCheck = 0810;
				LastUpgradeCheck = 0810;
				ORGANIZATIONNAME = "cyper tech";
				TargetAttributes = {
					2EC372AA1DD62EA5001625E5 = {
						CreatedOnToolsVersion = 8.1;
						DevelopmentTeam = M5J7K9HVYB;
						LastSwiftMigration = 0810;
						ProvisioningStyle = Automatic;
					};
					2EC372B31DD62EA5001625E5 = {
						CreatedOnToolsVersion = 8.1;
						DevelopmentTeam = M5J7K9HVYB;
						ProvisioningStyle = Automatic;
					};
				};
			};
			buildConfigurationList = 2EC372A51DD62EA5001625E5 /* Build configuration list for PBXProject "RGB" */;
			compatibilityVersion = "Xcode 3.2";
			developmentRegion = English;
			hasScannedForEncodings = 0;
			knownRegions = (
				en,
			);
			mainGroup = 2EC372A11DD62EA5001625E5;
			productRefGroup = 2EC372AC1DD62EA5001625E5 /* Products */;
			projectDirPath = "";
			projectRoot = "";
			targets = (
				2EC372AA1DD62EA5001625E5 /* RGB */,
				2EC372B31DD62EA5001625E5 /* RGBTests */,
			);
		};
/* End PBXProject section */

/* Begin PBXResourcesBuildPhase section */
		2EC372A91DD62EA5001625E5 /* Resources */ = {
			isa = PBXResourcesBuildPhase;
			buildActionMask = 2147483647;
			files = (
			);
			runOnlyForDeploymentPostprocessing = 0;
		};
		2EC372B21DD62EA5001625E5 /* Resources */ = {
			isa = PBXResourcesBuildPhase;
			buildActionMask = 2147483647;
			files = (
			);
			runOnlyForDeploymentPostprocessing = 0;
		};
/* End PBXResourcesBuildPhase section */

/* Begin PBXSourcesBuildPhase section */
		2EC372A61DD62EA5001625E5 /* Sources */ = {
			isa = PBXSourcesBuildPhase;
			buildActionMask = 2147483647;
			files = (
				2E6C003E1DE186DB0008C9F0 /* RGBUIColor.swift in Sources */,
			);
			runOnlyForDeploymentPostprocessing = 0;
		};
		2EC372B01DD62EA5001625E5 /* Sources */ = {
			isa = PBXSourcesBuildPhase;
			buildActionMask = 2147483647;
			files = (
				2EC372BA1DD62EA5001625E5 /* RGBTests.swift in Sources */,
			);
			runOnlyForDeploymentPostprocessing = 0;
		};
/* End PBXSourcesBuildPhase section */

/* Begin PBXTargetDependency section */
		2EC372B71DD62EA5001625E5 /* PBXTargetDependency */ = {
			isa = PBXTargetDependency;
			target = 2EC372AA1DD62EA5001625E5 /* RGB */;
			targetProxy = 2EC372B61DD62EA5001625E5 /* PBXContainerItemProxy */;
		};
/* End PBXTargetDependency section */

/* Begin XCBuildConfiguration section */
		2EC372BD1DD62EA5001625E5 /* Debug */ = {
			isa = XCBuildConfiguration;
			buildSettings = {
				ALWAYS_SEARCH_USER_PATHS = NO;
				CLANG_ANALYZER_NONNULL = YES;
				CLANG_CXX_LANGUAGE_STANDARD = "gnu++0x";
				CLANG_CXX_LIBRARY = "libc++";
				CLANG_ENABLE_MODULES = YES;
				CLANG_ENABLE_OBJC_ARC = YES;
				CLANG_WARN_BOOL_CONVERSION = YES;
				CLANG_WARN_CONSTANT_CONVERSION = YES;
				CLANG_WARN_DIRECT_OBJC_ISA_USAGE = YES_ERROR;
				CLANG_WARN_DOCUMENTATION_COMMENTS = YES;
				CLANG_WARN_EMPTY_BODY = YES;
				CLANG_WARN_ENUM_CONVERSION = YES;
				CLANG_WARN_INFINITE_RECURSION = YES;
				CLANG_WARN_INT_CONVERSION = YES;
				CLANG_WARN_OBJC_ROOT_CLASS = YES_ERROR;
				CLANG_WARN_SUSPICIOUS_MOVES = YES;
				CLANG_WARN_UNREACHABLE_CODE = YES;
				CLANG_WARN__DUPLICATE_METHOD_MATCH = YES;
				"CODE_SIGN_IDENTITY[sdk=iphoneos*]" = "iPhone Developer";
				COPY_PHASE_STRIP = NO;
				CURRENT_PROJECT_VERSION = 1;
				DEBUG_INFORMATION_FORMAT = dwarf;
				ENABLE_STRICT_OBJC_MSGSEND = YES;
				ENABLE_TESTABILITY = YES;
				GCC_C_LANGUAGE_STANDARD = gnu99;
				GCC_DYNAMIC_NO_PIC = NO;
				GCC_NO_COMMON_BLOCKS = YES;
				GCC_OPTIMIZATION_LEVEL = 0;
				GCC_PREPROCESSOR_DEFINITIONS = (
					"DEBUG=1",
					"$(inherited)",
				);
				GCC_WARN_64_TO_32_BIT_CONVERSION = YES;
				GCC_WARN_ABOUT_RETURN_TYPE = YES_ERROR;
				GCC_WARN_UNDECLARED_SELECTOR = YES;
				GCC_WARN_UNINITIALIZED_AUTOS = YES_AGGRESSIVE;
				GCC_WARN_UNUSED_FUNCTION = YES;
				GCC_WARN_UNUSED_VARIABLE = YES;
				IPHONEOS_DEPLOYMENT_TARGET = 10.1;
				MTL_ENABLE_DEBUG_INFO = YES;
				ONLY_ACTIVE_ARCH = YES;
				SDKROOT = iphoneos;
				SWIFT_ACTIVE_COMPILATION_CONDITIONS = DEBUG;
				SWIFT_OPTIMIZATION_LEVEL = "-Onone";
				TARGETED_DEVICE_FAMILY = "1,2";
				VERSIONING_SYSTEM = "apple-generic";
				VERSION_INFO_PREFIX = "";
			};
			name = Debug;
		};
		2EC372BE1DD62EA5001625E5 /* Release */ = {
			isa = XCBuildConfiguration;
			buildSettings = {
				ALWAYS_SEARCH_USER_PATHS = NO;
				CLANG_ANALYZER_NONNULL = YES;
				CLANG_CXX_LANGUAGE_STANDARD = "gnu++0x";
				CLANG_CXX_LIBRARY = "libc++";
				CLANG_ENABLE_MODULES = YES;
				CLANG_ENABLE_OBJC_ARC = YES;
				CLANG_WARN_BOOL_CONVERSION = YES;
				CLANG_WARN_CONSTANT_CONVERSION = YES;
				CLANG_WARN_DIRECT_OBJC_ISA_USAGE = YES_ERROR;
				CLANG_WARN_DOCUMENTATION_COMMENTS = YES;
				CLANG_WARN_EMPTY_BODY = YES;
				CLANG_WARN_ENUM_CONVERSION = YES;
				CLANG_WARN_INFINITE_RECURSION = YES;
				CLANG_WARN_INT_CONVERSION = YES;
				CLANG_WARN_OBJC_ROOT_CLASS = YES_ERROR;
				CLANG_WARN_SUSPICIOUS_MOVES = YES;
				CLANG_WARN_UNREACHABLE_CODE = YES;
				CLANG_WARN__DUPLICATE_METHOD_MATCH = YES;
				"CODE_SIGN_IDENTITY[sdk=iphoneos*]" = "iPhone Developer";
				COPY_PHASE_STRIP = NO;
				CURRENT_PROJECT_VERSION = 1;
				DEBUG_INFORMATION_FORMAT = "dwarf-with-dsym";
				ENABLE_NS_ASSERTIONS = NO;
				ENABLE_STRICT_OBJC_MSGSEND = YES;
				GCC_C_LANGUAGE_STANDARD = gnu99;
				GCC_NO_COMMON_BLOCKS = YES;
				GCC_WARN_64_TO_32_BIT_CONVERSION = YES;
				GCC_WARN_ABOUT_RETURN_TYPE = YES_ERROR;
				GCC_WARN_UNDECLARED_SELECTOR = YES;
				GCC_WARN_UNINITIALIZED_AUTOS = YES_AGGRESSIVE;
				GCC_WARN_UNUSED_FUNCTION = YES;
				GCC_WARN_UNUSED_VARIABLE = YES;
				IPHONEOS_DEPLOYMENT_TARGET = 10.1;
				MTL_ENABLE_DEBUG_INFO = NO;
				SDKROOT = iphoneos;
				SWIFT_OPTIMIZATION_LEVEL = "-Owholemodule";
				TARGETED_DEVICE_FAMILY = "1,2";
				VALIDATE_PRODUCT = YES;
				VERSIONING_SYSTEM = "apple-generic";
				VERSION_INFO_PREFIX = "";
			};
			name = Release;
		};
		2EC372C01DD62EA5001625E5 /* Debug */ = {
			isa = XCBuildConfiguration;
			buildSettings = {
				CLANG_ENABLE_MODULES = YES;
				CODE_SIGN_IDENTITY = "";
				DEFINES_MODULE = YES;
				DEVELOPMENT_TEAM = M5J7K9HVYB;
				DYLIB_COMPATIBILITY_VERSION = 1;
				DYLIB_CURRENT_VERSION = 1;
				DYLIB_INSTALL_NAME_BASE = "@rpath";
				FRAMEWORK_SEARCH_PATHS = (
					"$(inherited)",
					"$(PROJECT_DIR)/Carthage/Checkouts/Curry/build/Debug-iphoneos",
				);
				INFOPLIST_FILE = RGB/Info.plist;
				INSTALL_PATH = "$(LOCAL_LIBRARY_DIR)/Frameworks";
				LD_RUNPATH_SEARCH_PATHS = "$(inherited) @executable_path/Frameworks @loader_path/Frameworks";
				PRODUCT_BUNDLE_IDENTIFIER = me.cyper.RGB;
				PRODUCT_NAME = "$(TARGET_NAME)";
				SKIP_INSTALL = YES;
				SWIFT_OPTIMIZATION_LEVEL = "-Onone";
				SWIFT_VERSION = 3.0;
			};
			name = Debug;
		};
		2EC372C11DD62EA5001625E5 /* Release */ = {
			isa = XCBuildConfiguration;
			buildSettings = {
				CLANG_ENABLE_MODULES = YES;
				CODE_SIGN_IDENTITY = "";
				DEFINES_MODULE = YES;
				DEVELOPMENT_TEAM = M5J7K9HVYB;
				DYLIB_COMPATIBILITY_VERSION = 1;
				DYLIB_CURRENT_VERSION = 1;
				DYLIB_INSTALL_NAME_BASE = "@rpath";
				FRAMEWORK_SEARCH_PATHS = (
					"$(inherited)",
					"$(PROJECT_DIR)/Carthage/Checkouts/Curry/build/Debug-iphoneos",
				);
				INFOPLIST_FILE = RGB/Info.plist;
				INSTALL_PATH = "$(LOCAL_LIBRARY_DIR)/Frameworks";
				LD_RUNPATH_SEARCH_PATHS = "$(inherited) @executable_path/Frameworks @loader_path/Frameworks";
				PRODUCT_BUNDLE_IDENTIFIER = me.cyper.RGB;
				PRODUCT_NAME = "$(TARGET_NAME)";
				SKIP_INSTALL = YES;
				SWIFT_VERSION = 3.0;
			};
			name = Release;
		};
		2EC372C31DD62EA5001625E5 /* Debug */ = {
			isa = XCBuildConfiguration;
			buildSettings = {
				ALWAYS_EMBED_SWIFT_STANDARD_LIBRARIES = YES;
				DEVELOPMENT_TEAM = M5J7K9HVYB;
				FRAMEWORK_SEARCH_PATHS = "";
				INFOPLIST_FILE = RGBTests/Info.plist;
				LD_RUNPATH_SEARCH_PATHS = "$(inherited) @executable_path/Frameworks @loader_path/Frameworks";
				PRODUCT_BUNDLE_IDENTIFIER = me.cyper.RGBTests;
				PRODUCT_NAME = "$(TARGET_NAME)";
				SWIFT_VERSION = 3.0;
			};
			name = Debug;
		};
		2EC372C41DD62EA5001625E5 /* Release */ = {
			isa = XCBuildConfiguration;
			buildSettings = {
				ALWAYS_EMBED_SWIFT_STANDARD_LIBRARIES = YES;
				DEVELOPMENT_TEAM = M5J7K9HVYB;
				FRAMEWORK_SEARCH_PATHS = "";
				INFOPLIST_FILE = RGBTests/Info.plist;
				LD_RUNPATH_SEARCH_PATHS = "$(inherited) @executable_path/Frameworks @loader_path/Frameworks";
				PRODUCT_BUNDLE_IDENTIFIER = me.cyper.RGBTests;
				PRODUCT_NAME = "$(TARGET_NAME)";
				SWIFT_VERSION = 3.0;
			};
			name = Release;
		};
/* End XCBuildConfiguration section */

/* Begin XCConfigurationList section */
		2EC372A51DD62EA5001625E5 /* Build configuration list for PBXProject "RGB" */ = {
			isa = XCConfigurationList;
			buildConfigurations = (
				2EC372BD1DD62EA5001625E5 /* Debug */,
				2EC372BE1DD62EA5001625E5 /* Release */,
			);
			defaultConfigurationIsVisible = 0;
			defaultConfigurationName = Release;
		};
		2EC372BF1DD62EA5001625E5 /* Build configuration list for PBXNativeTarget "RGB" */ = {
			isa = XCConfigurationList;
			buildConfigurations = (
				2EC372C01DD62EA5001625E5 /* Debug */,
				2EC372C11DD62EA5001625E5 /* Release */,
			);
			defaultConfigurationIsVisible = 0;
			defaultConfigurationName = Release;
		};
		2EC372C21DD62EA5001625E5 /* Build configuration list for PBXNativeTarget "RGBTests" */ = {
			isa = XCConfigurationList;
			buildConfigurations = (
				2EC372C31DD62EA5001625E5 /* Debug */,
				2EC372C41DD62EA5001625E5 /* Release */,
			);
			defaultConfigurationIsVisible = 0;
			defaultConfigurationName = Release;
		};
/* End XCConfigurationList section */
	};
	rootObject = 2EC372A21DD62EA5001625E5 /* Project object */;
}
